{
  "name": "merkle-tree",
  "version": "0.0.14",
  "lockfileVersion": 1,
  "requires": true,
  "dependencies": {
    "colors": {
      "version": "1.3.2",
      "resolved": "https://registry.npmjs.org/colors/-/colors-1.3.2.tgz",
      "integrity": "sha512-rhP0JSBGYvpcNQj4s5AdShMeE5ahMop96cTeDl/v9qQQm2fYClE2QXZRi8wLzc+GmXSxdIqqbOIAhyObEXDbfQ==",
      "dev": true
    },
    "commander": {
      "version": "2.19.0",
      "resolved": "https://registry.npmjs.org/commander/-/commander-2.19.0.tgz",
      "integrity": "sha512-6tvAOO+D6OENvRAh524Dh9jcfKTYDQAqvqezbCW82xj5X0pSrcpxtvRKHLG0yBY6SD7PSDrJaj+0AiOcKVd1Xg==",
      "dev": true
    },
    "deep-equal": {
      "version": "0.2.2",
      "resolved": "https://registry.npmjs.org/deep-equal/-/deep-equal-0.2.2.tgz",
      "integrity": "sha1-hLdFiW80xoTpjyzg5Cq69Du6AX0="
    },
    "docco": {
      "version": "0.6.3",
      "resolved": "https://registry.npmjs.org/docco/-/docco-0.6.3.tgz",
      "integrity": "sha1-xHtYI9eVY9b8Or1J895ImG5VIu4=",
      "dev": true,
      "requires": {
        "commander": ">= 0.5.2",
        "fs-extra": ">= 0.6.0",
        "highlight.js": ">= 8.0.x",
        "marked": ">= 0.2.7",
        "underscore": ">= 1.0.0"
      }
    },
    "fs-extra": {
      "version": "7.0.1",
      "resolved": "https://registry.npmjs.org/fs-extra/-/fs-extra-7.0.1.tgz",
      "integrity": "sha512-YJDaCJZEnBmcbw13fvdAM9AwNOJwOzrE4pqMqBq5nFiEqXUqHwlK4B+3pUw6JNvfSPtX05xFHtYy/1ni01eGCw==",
      "dev": true,
      "requires": {
        "graceful-fs": "^4.1.2",
        "jsonfile": "^4.0.0",
        "universalify": "^0.1.0"
      }
    },
    "graceful-fs": {
      "version": "4.1.15",
      "resolved": "https://registry.npmjs.org/graceful-fs/-/graceful-fs-4.1.15.tgz",
      "integrity": "sha512-6uHUhOPEBgQ24HM+r6b/QwWfZq+yiFcipKFrOFiBEnWdy5sdzYoi+pJeQaPI5qOLRFqWmAXUPQNsielzdLoecA==",
      "dev": true
    },
    "highlight.js": {
      "version": "9.13.1",
      "resolved": "https://registry.npmjs.org/highlight.js/-/highlight.js-9.13.1.tgz",
      "integrity": "sha512-Sc28JNQNDzaH6PORtRLMvif9RSn1mYuOoX3omVjnb0+HbpPygU2ALBI0R/wsiqCb4/fcp07Gdo8g+fhtFrQl6A==",
      "dev": true
    },
    "iced-coffee-script": {
      "version": "1.7.1-g",
      "resolved": "https://registry.npmjs.org/iced-coffee-script/-/iced-coffee-script-1.7.1-g.tgz",
      "integrity": "sha1-QfnMq+ETut5gjVGcEKQUBqYsFws=",
      "dev": true,
      "requires": {
        "docco": "~0.6.2",
        "iced-runtime": ">=0.0.1",
        "mkdirp": "~0.3.5"
      }
    },
    "iced-error": {
      "version": "0.0.13",
      "resolved": "https://registry.npmjs.org/iced-error/-/iced-error-0.0.13.tgz",
      "integrity": "sha512-yEEaG8QfyyRL0SsbNNDw3rVgTyqwHFMCuV6jDvD43f/2shmdaFXkqvFLGhDlsYNSolzYHwVLM/CrXt9GygYopA=="
    },
    "iced-lock": {
      "version": "1.1.0",
      "resolved": "https://registry.npmjs.org/iced-lock/-/iced-lock-1.1.0.tgz",
      "integrity": "sha1-YRbvHKs6zW5rEIk7snumIv0/3nI=",
      "requires": {
        "iced-runtime": "^1.0.0"
      }
    },
    "iced-runtime": {
      "version": "1.0.3",
      "resolved": "https://registry.npmjs.org/iced-runtime/-/iced-runtime-1.0.3.tgz",
      "integrity": "sha1-LU9PuZmreqVDCxk8d6f85BGDGc4="
    },
    "iced-test": {
      "version": "0.0.24",
      "resolved": "https://registry.npmjs.org/iced-test/-/iced-test-0.0.24.tgz",
      "integrity": "sha512-RTheOxAx1oYLRwsw/bHvh5LqIuTEJb9D5xyQm3VwGtlHgkCBFaolwjssX3TT7ASZFChpVa9WY9fIPdJaTmYXyA==",
      "dev": true,
      "requires": {
        "colors": ">=0.6.2",
        "deep-equal": ">=0.2.1",
        "iced-runtime": "^1.0.3",
        "minimist": ">=0.0.8"
      }
    },
    "iced-utils": {
      "version": "0.1.26",
      "resolved": "https://registry.npmjs.org/iced-utils/-/iced-utils-0.1.26.tgz",
      "integrity": "sha1-RhNr02O73WVoXLk5XsBtehspKSc=",
      "requires": {
        "iced-error": "^0.0.10",
        "iced-lock": "^1.0.2",
        "iced-runtime": ">=0.0.1 <2.0.0-0"
      },
      "dependencies": {
        "iced-error": {
          "version": "0.0.10",
          "resolved": "https://registry.npmjs.org/iced-error/-/iced-error-0.0.10.tgz",
          "integrity": "sha1-+C5DaPefSv3z7SA3WswoqHAoCeg="
        }
      }
    },
    "jsonfile": {
      "version": "4.0.0",
      "resolved": "https://registry.npmjs.org/jsonfile/-/jsonfile-4.0.0.tgz",
      "integrity": "sha1-h3Gq4HmbZAdrdmQPygWPnBDjPss=",
      "dev": true,
      "requires": {
        "graceful-fs": "^4.1.6"
      }
    },
    "marked": {
      "version": "0.5.1",
      "resolved": "https://registry.npmjs.org/marked/-/marked-0.5.1.tgz",
      "integrity": "sha512-iUkBZegCZou4AdwbKTwSW/lNDcz5OuRSl3qdcl31Ia0B2QPG0Jn+tKblh/9/eP9/6+4h27vpoh8wel/vQOV0vw==",
      "dev": true
    },
    "minimist": {
      "version": "1.2.0",
      "resolved": "http://registry.npmjs.org/minimist/-/minimist-1.2.0.tgz",
      "integrity": "sha1-o1AIsg9BOD7sH7kU9M1d95omQoQ=",
      "dev": true
    },
    "mkdirp": {
      "version": "0.3.5",
      "resolved": "http://registry.npmjs.org/mkdirp/-/mkdirp-0.3.5.tgz",
      "integrity": "sha1-3j5fiWHIjHh+4TaN+EmsRBPsqNc=",
      "dev": true
    },
    "sprintf": {
      "version": "0.1.5",
      "resolved": "https://registry.npmjs.org/sprintf/-/sprintf-0.1.5.tgz",
      "integrity": "sha1-j4PjmpMXwaUCy324BQ5Rxnn27c8=",
      "dev": true
    },
    "underscore": {
      "version": "1.9.1",
      "resolved": "https://registry.npmjs.org/underscore/-/underscore-1.9.1.tgz",
      "integrity": "sha512-5/4etnCkd9c8gwgowi5/om/mYO5ajCaOgdzj/oW+0eQV9WxKBDZw5+ycmKmeaTXjInS/W0BzpGLo2xR2aBwZdg==",
      "dev": true
    },
    "universalify": {
      "version": "0.1.2",
      "resolved": "https://registry.npmjs.org/universalify/-/universalify-0.1.2.tgz",
      "integrity": "sha512-rBJeI5CXAlmy1pV+617WB9J63U6XcazHHF2f2dbJix4XzpUF0RS3Zbj0FGIOCAva5P/d/GBOYaACQ1w+0azUkg==",
      "dev": true
    }
  }
}
